
Microsoft Visual Studio Solution File, Format Version 12.00
# Visual Studio Version 16
VisualStudioVersion = 16.0.34407.143
MinimumVisualStudioVersion = 10.0.40219.1
Project("{FAE04EC0-301F-11D3-BF4B-00C04F79EFBC}") = "MySampleConsoleApp", "MySampleConsoleApp\MySampleConsoleApp.csproj", "{A044A861-087B-4B40-83D9-F330B11F2F0A}"
EndProject
Global
	GlobalSection(SolutionConfigurationPlatforms) = preSolution
		Debug|Any CPU = Debug|Any CPU
		Release|Any CPU = Release|Any CPU
	EndGlobalSection
	GlobalSection(ProjectConfigurationPlatforms) = postSolution
		{A044A861-087B-4B40-83D9-F330B11F2F0A}.Debug|Any CPU.ActiveCfg = Debug|Any CPU
		{A044A861-087B-4B40-83D9-F330B11F2F0A}.Debug|Any CPU.Build.0 = Debug|Any CPU
		{A044A861-087B-4B40-83D9-F330B11F2F0A}.Release|Any CPU.ActiveCfg = Release|Any CPU
		{A044A861-087B-4B40-83D9-F330B11F2F0A}.Release|Any CPU.Build.0 = Release|Any CPU
	EndGlobalSection
	GlobalSection(SolutionProperties) = preSolution
		HideSolutionNode = FALSE
	EndGlobalSection
	GlobalSection(ExtensibilityGlobals) = postSolution
		SolutionGuid = {5EC7B176-945B-45E2-97B7-0A2C869E68FB}
	EndGlobalSection
EndGlobal
